
Microsoft Visual Studio Solution File, Format Version 12.00
# Visual Studio 14
VisualStudioVersion = 14.0.24720.0
MinimumVisualStudioVersion = 10.0.40219.1
Project("{FAE04EC0-301F-11D3-BF4B-00C04F79EFBC}") = "Sunrise.Console", "Sunrise\Sunrise.Console.csproj", "{DFB944FC-46D2-4E1C-8DE8-6F53B6D68B6B}"
EndProject
Project("{FAE04EC0-301F-11D3-BF4B-00C04F79EFBC}") = "Sunrise.Calculate.Vector", "Sunrise.Calculate\Sunrise.Calculate.Vector.csproj", "{8383BB08-F882-4CF9-9ACA-99DDCDEF1E09}"
EndProject
Project("{FAE04EC0-301F-11D3-BF4B-00C04F79EFBC}") = "Sunrise.Api", "SunriseVector\Sunrise.Api.csproj", "{12A44BA8-5289-4286-A502-27D3BE4DA292}"
EndProject
Project("{FAE04EC0-301F-11D3-BF4B-00C04F79EFBC}") = "Sunrise.Test", "Sunrise.Test\Sunrise.Test.csproj", "{2890E561-139B-4414-9A07-EC7FC7FD6F8D}"
EndProject
Project("{FAE04EC0-301F-11D3-BF4B-00C04F79EFBC}") = "Sunrise.WebApi", "Sunrise.WebApi\Sunrise.WebApi.csproj", "{38D061F2-84A8-4326-8E41-8EA357A5D07A}"
EndProject
Global
	GlobalSection(SolutionConfigurationPlatforms) = preSolution
		Debug|Any CPU = Debug|Any CPU
		Release|Any CPU = Release|Any CPU
	EndGlobalSection
	GlobalSection(ProjectConfigurationPlatforms) = postSolution
		{DFB944FC-46D2-4E1C-8DE8-6F53B6D68B6B}.Debug|Any CPU.ActiveCfg = Debug|Any CPU
		{DFB944FC-46D2-4E1C-8DE8-6F53B6D68B6B}.Debug|Any CPU.Build.0 = Debug|Any CPU
		{DFB944FC-46D2-4E1C-8DE8-6F53B6D68B6B}.Release|Any CPU.ActiveCfg = Release|Any CPU
		{DFB944FC-46D2-4E1C-8DE8-6F53B6D68B6B}.Release|Any CPU.Build.0 = Release|Any CPU
		{8383BB08-F882-4CF9-9ACA-99DDCDEF1E09}.Debug|Any CPU.ActiveCfg = Debug|Any CPU
		{8383BB08-F882-4CF9-9ACA-99DDCDEF1E09}.Debug|Any CPU.Build.0 = Debug|Any CPU
		{8383BB08-F882-4CF9-9ACA-99DDCDEF1E09}.Release|Any CPU.ActiveCfg = Release|Any CPU
		{8383BB08-F882-4CF9-9ACA-99DDCDEF1E09}.Release|Any CPU.Build.0 = Release|Any CPU
		{12A44BA8-5289-4286-A502-27D3BE4DA292}.Debug|Any CPU.ActiveCfg = Debug|Any CPU
		{12A44BA8-5289-4286-A502-27D3BE4DA292}.Debug|Any CPU.Build.0 = Debug|Any CPU
		{12A44BA8-5289-4286-A502-27D3BE4DA292}.Release|Any CPU.ActiveCfg = Release|Any CPU
		{12A44BA8-5289-4286-A502-27D3BE4DA292}.Release|Any CPU.Build.0 = Release|Any CPU
		{2890E561-139B-4414-9A07-EC7FC7FD6F8D}.Debug|Any CPU.ActiveCfg = Debug|Any CPU
		{2890E561-139B-4414-9A07-EC7FC7FD6F8D}.Debug|Any CPU.Build.0 = Debug|Any CPU
		{2890E561-139B-4414-9A07-EC7FC7FD6F8D}.Release|Any CPU.ActiveCfg = Release|Any CPU
		{2890E561-139B-4414-9A07-EC7FC7FD6F8D}.Release|Any CPU.Build.0 = Release|Any CPU
		{38D061F2-84A8-4326-8E41-8EA357A5D07A}.Debug|Any CPU.ActiveCfg = Debug|Any CPU
		{38D061F2-84A8-4326-8E41-8EA357A5D07A}.Debug|Any CPU.Build.0 = Debug|Any CPU
		{38D061F2-84A8-4326-8E41-8EA357A5D07A}.Release|Any CPU.ActiveCfg = Release|Any CPU
		{38D061F2-84A8-4326-8E41-8EA357A5D07A}.Release|Any CPU.Build.0 = Release|Any CPU
	EndGlobalSection
	GlobalSection(SolutionProperties) = preSolution
		HideSolutionNode = FALSE
	EndGlobalSection
EndGlobal
